dependencies:
  espressif/cmake_utilities:
    component_hash: 351350613ceafba240b761b4ea991e0f231ac7a9f59a9ee901f751bddc0bb18f
    dependencies:
    - name: idf
      require: private
      version: '>=4.1'
    source:
      registry_url: https://components.espressif.com
      type: service
    version: 0.5.3
  espressif/esp-brookesia:
    component_hash: da224da7a829bb930793c0c779b44227238a57191ca360908c8f2b051d220223
    dependencies:
    - name: espressif/esp-lib-utils
      registry_url: https://components.espressif.com
      require: public
      version: 0.2.*
    - name: idf
      require: private
      version: '>=5.3'
    - name: lvgl/lvgl
      registry_url: https://components.espressif.com
      require: public
      version: 9.2.*
    source:
      registry_url: https://components.espressif.com/
      type: service
    version: 0.5.0
  espressif/esp-lib-utils:
    component_hash: 9e81fa27e3a8292bed95d91754ebcb8f27f47117328b0b646446f29fc5a847fb
    dependencies:
    - name: idf
      require: private
      version: '>=5.1'
    source:
      registry_url: https://components.espressif.com
      type: service
    version: 0.2.3
  espressif/esp_codec_dev:
    component_hash: df70f10af8d7b922add7b9d07372c9c97ab356e58d72b7a892050227c2d44348
    dependencies:
    - name: idf
      require: private
      version: '>=4.0'
    source:
      registry_url: https://components.espressif.com
      type: service
    version: 1.5.11
  espressif/esp_io_expander:
    component_hash: 7b7f91270172e46ca4597e3874f48d8412e280e8c295559f5922ec38656e3e5f
    dependencies:
    - name: idf
      require: private
      version: '>=4.4.2'
    source:
      registry_url: https://components.espressif.com
      type: service
    version: 1.2.1
  espressif/esp_io_expander_tca9554:
    component_hash: ee94a439ade1c17129a491efe572c600899306a2ffadbde491852d95333e28b4
    dependencies:
    - name: espressif/esp_io_expander
      registry_url: https://components.espressif.com
      require: public
      version: ^1.2.0
    - name: idf
      require: private
      version: '>=5.2'
    source:
      registry_url: https://components.espressif.com
      type: service
    version: 2.0.3
  espressif/esp_lcd_co5300:
    component_hash: 21f84c5c825509ebacbddb379555b49092ae165b3e19f0edfbf6f8eff8aa036d
    dependencies:
    - name: espressif/cmake_utilities
      registry_url: https://components.espressif.com
      require: private
      version: 0.*
    - name: idf
      require: private
      version: '>=5.4'
    source:
      registry_url: https://components.espressif.com
      type: service
    version: 2.1.0
  espressif/esp_lcd_panel_io_additions:
    component_hash: 1856c8b2c11aaa8a9fd67481582162bcad25f7064661a995f35c2ee8dd10ebcc
    dependencies:
    - name: espressif/cmake_utilities
      registry_url: https://components.espressif.com
      require: private
      version: 0.*
    - name: espressif/esp_io_expander
      registry_url: https://components.espressif.com
      require: public
      version: ^1
    - name: idf
      require: private
      version: '>=4.4.2'
    source:
      registry_url: https://components.espressif.com
      type: service
    version: 1.0.1~1
  espressif/esp_lcd_touch:
    component_hash: 3f85a7d95af876f1a6ecca8eb90a81614890d0f03a038390804e5a77e2caf862
    dependencies:
    - name: idf
      require: private
      version: '>=4.4.2'
    source:
      registry_url: https://components.espressif.com
      type: service
    version: 1.2.1
  espressif/esp_lcd_touch_cst816s:
    component_hash: f017808eb754d3fe16987d413a2385f6356890f5737ee3fe36b6a548ea1d1d74
    dependencies:
    - name: espressif/esp_lcd_touch
      registry_url: https://components.espressif.com
      require: public
      version: ^1.2.0
    - name: idf
      require: private
      version: '>=5.2'
    source:
      registry_url: https://components.espressif.com
      type: service
    version: 1.1.2
  espressif/esp_lcd_touch_ft5x06:
    component_hash: d49f3dec3ae89617c31d96ac6f31bbc3212a0f049354eabd55c9457e454c56ae
    dependencies:
    - name: espressif/esp_lcd_touch
      registry_url: https://components.espressif.com
      require: public
      version: ^1.2.0
    - name: idf
      require: private
      version: '>=5.2'
    source:
      registry_url: https://components.espressif.com
      type: service
    version: 1.1.1
  espressif/esp_lvgl_port:
    component_hash: e720c95cf0667554a204591bb5fade4655fb2990465557041200fa44b5bc7556
    dependencies:
    - name: idf
      require: private
      version: '>=4.4'
    - name: lvgl/lvgl
      registry_url: https://components.espressif.com
      require: public
      version: '>=8,<10'
    source:
      registry_url: https://components.espressif.com/
      type: service
    version: 2.6.0
  idf:
    source:
      type: idf
    version: 5.5.5
  lvgl/lvgl:
    component_hash: 096c69af22eaf8a2b721e3913da91918c5e6bf1a762a113ec01f401aa61337a0
    dependencies: []
    source:
      registry_url: https://components.espressif.com
      type: service
    version: 9.2.2
  waveshare/esp32_s3_touch_amoled_1_8:
    component_hash: dd53b012d695112d0d6eaf137ec269b53b1518a64f56f2993f47e55b4e28b5f5
    dependencies:
    - name: espressif/esp_codec_dev
      registry_url: https://components.espressif.com
      require: public
      version: ~1.5
    - name: espressif/esp_io_expander_tca9554
      registry_url: https://components.espressif.com
      require: public
      version: ^2
    - name: espressif/esp_lcd_panel_io_additions
      registry_url: https://components.espressif.com
      require: private
      version: ^1
    - name: espressif/esp_lcd_co5300
      registry_url: https://components.espressif.com
      require: private
      version: ^2.0.3
    - name: espressif/esp_lcd_touch_cst816s
      registry_url: https://components.espressif.com
      require: private
      version: ^1.1.1~1
    - name: espressif/esp_lcd_touch_ft5x06
      registry_url: https://components.espressif.com
      require: private
      version: ^1.1.0~1
    - name: espressif/esp_lvgl_port
      registry_url: https://components.espressif.com
      require: public
      version: ^2
    - name: idf
      require: private
      version: '>=5.3'
    - name: lvgl/lvgl
      registry_url: https://components.espressif.com
      require: private
      version: '>=8,<10'
    - name: espressif/usb
      registry_url: https://components.espressif.com
      require: public
      rules:
      - if: idf_version >=6.0
      version: ^1.0.0
    source:
      registry_url: https://components.espressif.com/
      type: service
    targets:
    - esp32s3
    version: 2.0.3
direct_dependencies:
- espressif/esp-brookesia
- espressif/esp_lvgl_port
- idf
- waveshare/esp32_s3_touch_amoled_1_8
manifest_hash: 86d06adbab3773aaa4be2963eada34a1a8f012f29b2dac59489c22d8fd727c9e
target: esp32s3
version: 2.0.0
